PODS:
  - ZegoExpressEngine (2.20.2):
    - ZegoExpressEngine/Video (= 2.20.2)
  - ZegoExpressEngine/Video (2.20.2)

DEPENDENCIES:
  - ZegoExpressEngine

SPEC REPOS:
  trunk:
    - ZegoExpressEngine

SPEC CHECKSUMS:
  ZegoExpressEngine: 7993bd3b1c1a6a0d84eaff8134931266b5564776

PODFILE CHECKSUM: 650d40f3ca8b69204c5f9c863f86ff7dda8ab9b7

COCOAPODS: 1.11.3
