PODS:
  - ZegoExpressEngine (2.17.1.1):
    - ZegoExpressEngine/Video (= 2.17.1.1)
  - ZegoExpressEngine/Video (2.17.1.1)

DEPENDENCIES:
  - ZegoExpressEngine

SPEC REPOS:
  trunk:
    - ZegoExpressEngine

SPEC CHECKSUMS:
  ZegoExpressEngine: 718bfb624f56b10ac06705f18f8aba4ab12a4ade

PODFILE CHECKSUM: 650d40f3ca8b69204c5f9c863f86ff7dda8ab9b7

COCOAPODS: 1.11.3
